# THIS IS AN AUTOGENERATED FILE. DO NOT EDIT THIS FILE DIRECTLY.
# yarn lockfile v1


"@esbuild/win32-x64@0.18.13":
  version "0.18.13"
  resolved "https://registry.npmjs.org/@esbuild/win32-x64/-/win32-x64-0.18.13.tgz"
  integrity sha512-iVl6lehAfJS+VmpF3exKpNQ8b0eucf5VWfzR8S7xFve64NBNz2jPUgx1X93/kfnkfgP737O+i1k54SVQS7uVZA==

esbuild@^0.18.10:
  version "0.18.13"
  resolved "https://registry.npmjs.org/esbuild/-/esbuild-0.18.13.tgz"
  integrity sha512-vhg/WR/Oiu4oUIkVhmfcc23G6/zWuEQKFS+yiosSHe4aN6+DQRXIfeloYGibIfVhkr4wyfuVsGNLr+sQU1rWWw==
  optionalDependencies:
    "@esbuild/android-arm" "0.18.13"
    "@esbuild/android-arm64" "0.18.13"
    "@esbuild/android-x64" "0.18.13"
    "@esbuild/darwin-arm64" "0.18.13"
    "@esbuild/darwin-x64" "0.18.13"
    "@esbuild/freebsd-arm64" "0.18.13"
    "@esbuild/freebsd-x64" "0.18.13"
    "@esbuild/linux-arm" "0.18.13"
    "@esbuild/linux-arm64" "0.18.13"
    "@esbuild/linux-ia32" "0.18.13"
    "@esbuild/linux-loong64" "0.18.13"
    "@esbuild/linux-mips64el" "0.18.13"
    "@esbuild/linux-ppc64" "0.18.13"
    "@esbuild/linux-riscv64" "0.18.13"
    "@esbuild/linux-s390x" "0.18.13"
    "@esbuild/linux-x64" "0.18.13"
    "@esbuild/netbsd-x64" "0.18.13"
    "@esbuild/openbsd-x64" "0.18.13"
    "@esbuild/sunos-x64" "0.18.13"
    "@esbuild/win32-arm64" "0.18.13"
    "@esbuild/win32-ia32" "0.18.13"
    "@esbuild/win32-x64" "0.18.13"

nanoid@^3.3.6:
  version "3.3.6"
  resolved "https://registry.npmjs.org/nanoid/-/nanoid-3.3.6.tgz"
  integrity sha512-BGcqMMJuToF7i1rt+2PWSNVnWIkGCU78jBG3RxO/bZlnZPK2Cmi2QaffxGO/2RvWi9sL+FAiRiXMgsyxQ1DIDA==

picocolors@^1.0.0:
  version "1.0.0"
  resolved "https://registry.npmjs.org/picocolors/-/picocolors-1.0.0.tgz"
  integrity sha512-1fygroTLlHu66zi26VoTDv8yRgm0Fccecssto+MhsZ0D/DGW2sm8E8AjW7NU5VVTRt5GxbeZ5qBuJr+HyLYkjQ==

postcss@^8.4.25:
  version "8.4.26"
  resolved "https://registry.npmjs.org/postcss/-/postcss-8.4.26.tgz"
  integrity sha512-jrXHFF8iTloAenySjM/ob3gSj7pCu0Ji49hnjqzsgSRa50hkWCKD0HQ+gMNJkW38jBI68MpAAg7ZWwHwX8NMMw==
  dependencies:
    nanoid "^3.3.6"
    picocolors "^1.0.0"
    source-map-js "^1.0.2"

rollup@^3.25.2:
  version "3.26.3"
  resolved "https://registry.npmjs.org/rollup/-/rollup-3.26.3.tgz"
  integrity sha512-7Tin0C8l86TkpcMtXvQu6saWH93nhG3dGQ1/+l5V2TDMceTxO7kDiK6GzbfLWNNxqJXm591PcEZUozZm51ogwQ==
  optionalDependencies:
    fsevents "~2.3.2"

source-map-js@^1.0.2:
  version "1.0.2"
  resolved "https://registry.npmjs.org/source-map-js/-/source-map-js-1.0.2.tgz"
  integrity sha512-R0XvVJ9WusLiqTCEiGCmICCMplcCkIwwR11mOSD9CR5u+IXYdiseeEuXCVAjS54zqwkLcPNnmU4OeJ6tUrWhDw==

three@^0.154.0:
  version "0.154.0"
  resolved "https://registry.npmjs.org/three/-/three-0.154.0.tgz"
  integrity sha512-Uzz8C/5GesJzv8i+Y2prEMYUwodwZySPcNhuJUdsVMH2Yn4Nm8qlbQe6qRN5fOhg55XB0WiLfTPBxVHxpE60ug==

vite@^4.1.0:
  version "4.4.4"
  resolved "https://registry.npmjs.org/vite/-/vite-4.4.4.tgz"
  integrity sha512-4mvsTxjkveWrKDJI70QmelfVqTm+ihFAb6+xf4sjEU2TmUCTlVX87tmg/QooPEMQb/lM9qGHT99ebqPziEd3wg==
  dependencies:
    esbuild "^0.18.10"
    postcss "^8.4.25"
    rollup "^3.25.2"
  optionalDependencies:
    fsevents "~2.3.2"
